
Microsoft Visual Studio Solution File, Format Version 12.00
# Visual Studio Version 17
VisualStudioVersion = 17.0.31912.275
MinimumVisualStudioVersion = 10.0.40219.1
Project("{FAE04EC0-301F-11D3-BF4B-00C04F79EFBC}") = "Metoder 1-3", "Metoder 1-3\Metoder 1-3.csproj", "{90E10D2F-021B-4655-96C3-46641BAF1E4A}"
EndProject
Global
	GlobalSection(SolutionConfigurationPlatforms) = preSolution
		Debug|Any CPU = Debug|Any CPU
		Release|Any CPU = Release|Any CPU
	EndGlobalSection
	GlobalSection(ProjectConfigurationPlatforms) = postSolution
		{90E10D2F-021B-4655-96C3-46641BAF1E4A}.Debug|Any CPU.ActiveCfg = Debug|Any CPU
		{90E10D2F-021B-4655-96C3-46641BAF1E4A}.Debug|Any CPU.Build.0 = Debug|Any CPU
		{90E10D2F-021B-4655-96C3-46641BAF1E4A}.Release|Any CPU.ActiveCfg = Release|Any CPU
		{90E10D2F-021B-4655-96C3-46641BAF1E4A}.Release|Any CPU.Build.0 = Release|Any CPU
	EndGlobalSection
	GlobalSection(SolutionProperties) = preSolution
		HideSolutionNode = FALSE
	EndGlobalSection
	GlobalSection(ExtensibilityGlobals) = postSolution
		SolutionGuid = {E7FC9AE9-B5C9-4901-BFC2-4596A8835A26}
	EndGlobalSection
EndGlobal
